
Microsoft Visual Studio Solution File, Format Version 12.00
# Visual Studio Version 17
VisualStudioVersion = 17.7.34031.279
MinimumVisualStudioVersion = 10.0.40219.1
Project("{9A19103F-16F7-4668-BE54-9A1E7A4F7556}") = "WebScraping", "Scrap\WebScraping.csproj", "{2C1EF551-1AE5-4A10-89E8-E46A4B353574}"
EndProject
Project("{FAE04EC0-301F-11D3-BF4B-00C04F79EFBC}") = "WebscrapingTests", "WebscrapingTests\WebscrapingTests.csproj", "{AD31E642-BDAB-4B96-B037-791236547D5F}"
EndProject
Global
	GlobalSection(SolutionConfigurationPlatforms) = preSolution
		Debug|Any CPU = Debug|Any CPU
		Release|Any CPU = Release|Any CPU
	EndGlobalSection
	GlobalSection(ProjectConfigurationPlatforms) = postSolution
		{2C1EF551-1AE5-4A10-89E8-E46A4B353574}.Debug|Any CPU.ActiveCfg = Debug|Any CPU
		{2C1EF551-1AE5-4A10-89E8-E46A4B353574}.Debug|Any CPU.Build.0 = Debug|Any CPU
		{2C1EF551-1AE5-4A10-89E8-E46A4B353574}.Release|Any CPU.ActiveCfg = Release|Any CPU
		{2C1EF551-1AE5-4A10-89E8-E46A4B353574}.Release|Any CPU.Build.0 = Release|Any CPU
		{AD31E642-BDAB-4B96-B037-791236547D5F}.Debug|Any CPU.ActiveCfg = Debug|Any CPU
		{AD31E642-BDAB-4B96-B037-791236547D5F}.Debug|Any CPU.Build.0 = Debug|Any CPU
		{AD31E642-BDAB-4B96-B037-791236547D5F}.Release|Any CPU.ActiveCfg = Release|Any CPU
		{AD31E642-BDAB-4B96-B037-791236547D5F}.Release|Any CPU.Build.0 = Release|Any CPU
	EndGlobalSection
	GlobalSection(SolutionProperties) = preSolution
		HideSolutionNode = FALSE
	EndGlobalSection
	GlobalSection(ExtensibilityGlobals) = postSolution
		SolutionGuid = {E0D14CB1-9482-4AEF-95C6-6B9D93124B41}
	EndGlobalSection
EndGlobal
